// !$*UTF8*$!
{
	archiveVersion = 1;
	classes = {
	};
	objectVersion = 51;
	objects = {

/* Begin PBXBuildFile section */
		504C2680CBCF16218258A98F /* Pods_chat.framework in Frameworks */ = {isa = PBXBuildFile; fileRef = 30EB8EF39FDC6BABBF19AD6A /* Pods_chat.framework */; };
		EE41DF8925EEE71700D34621 /* UserCell.swift in Sources */ = {isa = PBXBuildFile; fileRef = EE41DF8725EEE71700D34621 /* UserCell.swift */; };
		EE41DF8A25EEE71700D34621 /* UserCell.xib in Resources */ = {isa = PBXBuildFile; fileRef = EE41DF8825EEE71700D34621 /* UserCell.xib */; };
		EE493F8425F37CEF00B33FB5 /* Authorize.swift in Sources */ = {isa = PBXBuildFile; fileRef = EE493F8325F37CEF00B33FB5 /* Authorize.swift */; };
		EE5EC77A25E1A0A70028BB41 /* User.swift in Sources */ = {isa = PBXBuildFile; fileRef = EE5EC77925E1A0A70028BB41 /* User.swift */; };
		EE5EC78425E469700028BB41 /* UsersListViewController.swift in Sources */ = {isa = PBXBuildFile; fileRef = EE5EC78325E469700028BB41 /* UsersListViewController.swift */; };
		EE5EEE7E25C2245300E7E488 /* GoogleService-Info.plist in Resources */ = {isa = PBXBuildFile; fileRef = EE5EEE7D25C2245300E7E488 /* GoogleService-Info.plist */; };
		EE6A4E3225DF035900AF8761 /* Message.swift in Sources */ = {isa = PBXBuildFile; fileRef = EE6A4E3125DF035900AF8761 /* Message.swift */; };
		EE74DA2D25DB2524000BB9C7 /* AppConstants.swift in Sources */ = {isa = PBXBuildFile; fileRef = EE74DA2C25DB2524000BB9C7 /* AppConstants.swift */; };
		EE861E1125DEF9F400C0F475 /* MessageCell.swift in Sources */ = {isa = PBXBuildFile; fileRef = EE861E0F25DEF9F400C0F475 /* MessageCell.swift */; };
		EE861E1225DEF9F400C0F475 /* MessageCell.xib in Resources */ = {isa = PBXBuildFile; fileRef = EE861E1025DEF9F400C0F475 /* MessageCell.xib */; };
		EEADAF2225B7886800D21D06 /* AuthorizeTextField.swift in Sources */ = {isa = PBXBuildFile; fileRef = EEADAF2125B7886800D21D06 /* AuthorizeTextField.swift */; };
		EEBDC78525B7735900ABB105 /* AppDelegate.swift in Sources */ = {isa = PBXBuildFile; fileRef = EEBDC78425B7735900ABB105 /* AppDelegate.swift */; };
		EEBDC78725B7735900ABB105 /* SceneDelegate.swift in Sources */ = {isa = PBXBuildFile; fileRef = EEBDC78625B7735900ABB105 /* SceneDelegate.swift */; };
		EEBDC78925B7735900ABB105 /* WelcomeViewController.swift in Sources */ = {isa = PBXBuildFile; fileRef = EEBDC78825B7735900ABB105 /* WelcomeViewController.swift */; };
		EEBDC78C25B7735900ABB105 /* Main.storyboard in Resources */ = {isa = PBXBuildFile; fileRef = EEBDC78A25B7735900ABB105 /* Main.storyboard */; };
		EEBDC78E25B7735C00ABB105 /* Assets.xcassets in Resources */ = {isa = PBXBuildFile; fileRef = EEBDC78D25B7735C00ABB105 /* Assets.xcassets */; };
		EEBDC79125B7735C00ABB105 /* LaunchScreen.storyboard in Resources */ = {isa = PBXBuildFile; fileRef = EEBDC78F25B7735C00ABB105 /* LaunchScreen.storyboard */; };
		EEBDC7BB25B77AE300ABB105 /* LoginViewController.swift in Sources */ = {isa = PBXBuildFile; fileRef = EEBDC7BA25B77AE300ABB105 /* LoginViewController.swift */; };
		EEBDC7C025B77AF100ABB105 /* RegisterViewController.swift in Sources */ = {isa = PBXBuildFile; fileRef = EEBDC7BF25B77AF100ABB105 /* RegisterViewController.swift */; };
		EEBDC7C525B77B0100ABB105 /* ChatViewController.swift in Sources */ = {isa = PBXBuildFile; fileRef = EEBDC7C425B77B0100ABB105 /* ChatViewController.swift */; };
		EEE6284325FD6A6800FC64B2 /* UserItemDto.swift in Sources */ = {isa = PBXBuildFile; fileRef = EEE6284225FD6A6800FC64B2 /* UserItemDto.swift */; };
/* End PBXBuildFile section */

/* Begin PBXContainerItemProxy section */
		EEBDC79825B7735C00ABB105 /* PBXContainerItemProxy */ = {
			isa = PBXContainerItemProxy;
			containerPortal = EEBDC77925B7735900ABB105 /* Project object */;
			proxyType = 1;
			remoteGlobalIDString = EEBDC78025B7735900ABB105;
			remoteInfo = chat;
		};
		EEBDC7A325B7735C00ABB105 /* PBXContainerItemProxy */ = {
			isa = PBXContainerItemProxy;
			containerPortal = EEBDC77925B7735900ABB105 /* Project object */;
			proxyType = 1;
			remoteGlobalIDString = EEBDC78025B7735900ABB105;
			remoteInfo = chat;
		};
/* End PBXContainerItemProxy section */

/* Begin PBXFileReference section */
		30EB8EF39FDC6BABBF19AD6A /* Pods_chat.framework */ = {isa = PBXFileReference; explicitFileType = wrapper.framework; includeInIndex = 0; path = Pods_chat.framework; sourceTree = BUILT_PRODUCTS_DIR; };
		41A04476D02CCA547FFF2CA8 /* Pods-chat.debug.xcconfig */ = {isa = PBXFileReference; includeInIndex = 1; lastKnownFileType = text.xcconfig; name = "Pods-chat.debug.xcconfig"; path = "Target Support Files/Pods-chat/Pods-chat.debug.xcconfig"; sourceTree = "<group>"; };
		75940A3C3A9D548967AE9E56 /* Pods-chat.release.xcconfig */ = {isa = PBXFileReference; includeInIndex = 1; lastKnownFileType = text.xcconfig; name = "Pods-chat.release.xcconfig"; path = "Target Support Files/Pods-chat/Pods-chat.release.xcconfig"; sourceTree = "<group>"; };
		EE41DF8725EEE71700D34621 /* UserCell.swift */ = {isa = PBXFileReference; lastKnownFileType = sourcecode.swift; path = UserCell.swift; sourceTree = "<group>"; };
		EE41DF8825EEE71700D34621 /* UserCell.xib */ = {isa = PBXFileReference; lastKnownFileType = file.xib; path = UserCell.xib; sourceTree = "<group>"; };
		EE493F8325F37CEF00B33FB5 /* Authorize.swift */ = {isa = PBXFileReference; lastKnownFileType = sourcecode.swift; path = Authorize.swift; sourceTree = "<group>"; };
		EE5EC77925E1A0A70028BB41 /* User.swift */ = {isa = PBXFileReference; lastKnownFileType = sourcecode.swift; path = User.swift; sourceTree = "<group>"; };
		EE5EC78325E469700028BB41 /* UsersListViewController.swift */ = {isa = PBXFileReference; lastKnownFileType = sourcecode.swift; path = UsersListViewController.swift; sourceTree = "<group>"; };
		EE5EEE7D25C2245300E7E488 /* GoogleService-Info.plist */ = {isa = PBXFileReference; fileEncoding = 4; lastKnownFileType = text.plist.xml; path = "GoogleService-Info.plist"; sourceTree = "<group>"; };
		EE6A4E3125DF035900AF8761 /* Message.swift */ = {isa = PBXFileReference; lastKnownFileType = sourcecode.swift; path = Message.swift; sourceTree = "<group>"; };
		EE74DA2C25DB2524000BB9C7 /* AppConstants.swift */ = {isa = PBXFileReference; lastKnownFileType = sourcecode.swift; path = AppConstants.swift; sourceTree = "<group>"; };
		EE861E0F25DEF9F400C0F475 /* MessageCell.swift */ = {isa = PBXFileReference; lastKnownFileType = sourcecode.swift; path = MessageCell.swift; sourceTree = "<group>"; };
		EE861E1025DEF9F400C0F475 /* MessageCell.xib */ = {isa = PBXFileReference; lastKnownFileType = file.xib; path = MessageCell.xib; sourceTree = "<group>"; };
		EEADAF2125B7886800D21D06 /* AuthorizeTextField.swift */ = {isa = PBXFileReference; lastKnownFileType = sourcecode.swift; path = AuthorizeTextField.swift; sourceTree = "<group>"; };
		EEBDC78125B7735900ABB105 /* chat.app */ = {isa = PBXFileReference; explicitFileType = wrapper.application; includeInIndex = 0; path = chat.app; sourceTree = BUILT_PRODUCTS_DIR; };
		EEBDC78425B7735900ABB105 /* AppDelegate.swift */ = {isa = PBXFileReference; lastKnownFileType = sourcecode.swift; path = AppDelegate.swift; sourceTree = "<group>"; };
		EEBDC78625B7735900ABB105 /* SceneDelegate.swift */ = {isa = PBXFileReference; lastKnownFileType = sourcecode.swift; path = SceneDelegate.swift; sourceTree = "<group>"; };
		EEBDC78825B7735900ABB105 /* WelcomeViewController.swift */ = {isa = PBXFileReference; lastKnownFileType = sourcecode.swift; path = WelcomeViewController.swift; sourceTree = "<group>"; };
		EEBDC78B25B7735900ABB105 /* Base */ = {isa = PBXFileReference; lastKnownFileType = file.storyboard; name = Base; path = Base.lproj/Main.storyboard; sourceTree = "<group>"; };
		EEBDC78D25B7735C00ABB105 /* Assets.xcassets */ = {isa = PBXFileReference; lastKnownFileType = folder.assetcatalog; path = Assets.xcassets; sourceTree = "<group>"; };
		EEBDC79025B7735C00ABB105 /* Base */ = {isa = PBXFileReference; lastKnownFileType = file.storyboard; name = Base; path = Base.lproj/LaunchScreen.storyboard; sourceTree = "<group>"; };
		EEBDC79225B7735C00ABB105 /* Info.plist */ = {isa = PBXFileReference; lastKnownFileType = text.plist.xml; path = Info.plist; sourceTree = "<group>"; };
		EEBDC79725B7735C00ABB105 /* chatTests.xctest */ = {isa = PBXFileReference; explicitFileType = wrapper.cfbundle; includeInIndex = 0; path = chatTests.xctest; sourceTree = BUILT_PRODUCTS_DIR; };
		EEBDC7A225B7735C00ABB105 /* chatUITests.xctest */ = {isa = PBXFileReference; explicitFileType = wrapper.cfbundle; includeInIndex = 0; path = chatUITests.xctest; sourceTree = BUILT_PRODUCTS_DIR; };
		EEBDC7BA25B77AE300ABB105 /* LoginViewController.swift */ = {isa = PBXFileReference; lastKnownFileType = sourcecode.swift; path = LoginViewController.swift; sourceTree = "<group>"; };
		EEBDC7BF25B77AF100ABB105 /* RegisterViewController.swift */ = {isa = PBXFileReference; lastKnownFileType = sourcecode.swift; path = RegisterViewController.swift; sourceTree = "<group>"; };
		EEBDC7C425B77B0100ABB105 /* ChatViewController.swift */ = {isa = PBXFileReference; lastKnownFileType = sourcecode.swift; path = ChatViewController.swift; sourceTree = "<group>"; };
		EEE6284225FD6A6800FC64B2 /* UserItemDto.swift */ = {isa = PBXFileReference; lastKnownFileType = sourcecode.swift; path = UserItemDto.swift; sourceTree = "<group>"; };
/* End PBXFileReference section */

/* Begin PBXFrameworksBuildPhase section */
		EEBDC77E25B7735900ABB105 /* Frameworks */ = {
			isa = PBXFrameworksBuildPhase;
			buildActionMask = 2147483647;
			files = (
				504C2680CBCF16218258A98F /* Pods_chat.framework in Frameworks */,
			);
			runOnlyForDeploymentPostprocessing = 0;
		};
		EEBDC79425B7735C00ABB105 /* Frameworks */ = {
			isa = PBXFrameworksBuildPhase;
			buildActionMask = 2147483647;
			files = (
			);
			runOnlyForDeploymentPostprocessing = 0;
		};
		EEBDC79F25B7735C00ABB105 /* Frameworks */ = {
			isa = PBXFrameworksBuildPhase;
			buildActionMask = 2147483647;
			files = (
			);
			runOnlyForDeploymentPostprocessing = 0;
		};
/* End PBXFrameworksBuildPhase section */

/* Begin PBXGroup section */
		02D0C0D01BE7A3EBED18041F /* Pods */ = {
			isa = PBXGroup;
			children = (
				41A04476D02CCA547FFF2CA8 /* Pods-chat.debug.xcconfig */,
				75940A3C3A9D548967AE9E56 /* Pods-chat.release.xcconfig */,
			);
			path = Pods;
			sourceTree = "<group>";
		};
		9CBE40CE4AD892B93EF1A6CE /* Frameworks */ = {
			isa = PBXGroup;
			children = (
				30EB8EF39FDC6BABBF19AD6A /* Pods_chat.framework */,
			);
			name = Frameworks;
			sourceTree = "<group>";
		};
		EE41DF8425EEE64D00D34621 /* message */ = {
			isa = PBXGroup;
			children = (
				EE861E0F25DEF9F400C0F475 /* MessageCell.swift */,
				EE861E1025DEF9F400C0F475 /* MessageCell.xib */,
			);
			path = message;
			sourceTree = "<group>";
		};
		EE41DF8525EEE66300D34621 /* authorize */ = {
			isa = PBXGroup;
			children = (
				EEADAF2125B7886800D21D06 /* AuthorizeTextField.swift */,
			);
			path = authorize;
			sourceTree = "<group>";
		};
		EE41DF8625EEE66C00D34621 /* user */ = {
			isa = PBXGroup;
			children = (
				EE41DF8725EEE71700D34621 /* UserCell.swift */,
				EE41DF8825EEE71700D34621 /* UserCell.xib */,
			);
			path = user;
			sourceTree = "<group>";
		};
		EE493F8225F37CCB00B33FB5 /* utils */ = {
			isa = PBXGroup;
			children = (
				EE493F8325F37CEF00B33FB5 /* Authorize.swift */,
			);
			path = utils;
			sourceTree = "<group>";
		};
		EEBDC77825B7735900ABB105 = {
			isa = PBXGroup;
			children = (
				EEBDC78325B7735900ABB105 /* chat */,
				EEBDC78225B7735900ABB105 /* Products */,
				02D0C0D01BE7A3EBED18041F /* Pods */,
				9CBE40CE4AD892B93EF1A6CE /* Frameworks */,
			);
			sourceTree = "<group>";
		};
		EEBDC78225B7735900ABB105 /* Products */ = {
			isa = PBXGroup;
			children = (
				EEBDC78125B7735900ABB105 /* chat.app */,
				EEBDC79725B7735C00ABB105 /* chatTests.xctest */,
				EEBDC7A225B7735C00ABB105 /* chatUITests.xctest */,
			);
			name = Products;
			sourceTree = "<group>";
		};
		EEBDC78325B7735900ABB105 /* chat */ = {
			isa = PBXGroup;
			children = (
				EEBDC7B925B77A5100ABB105 /* controllers */,
				EEBDC7B825B77A4B00ABB105 /* views */,
				EEBDC7B725B77A3400ABB105 /* models */,
				EEBDC78425B7735900ABB105 /* AppDelegate.swift */,
				EEBDC78625B7735900ABB105 /* SceneDelegate.swift */,
				EEBDC78D25B7735C00ABB105 /* Assets.xcassets */,
				EEBDC78F25B7735C00ABB105 /* LaunchScreen.storyboard */,
				EEBDC79225B7735C00ABB105 /* Info.plist */,
				EE5EEE7D25C2245300E7E488 /* GoogleService-Info.plist */,
				EE74DA2C25DB2524000BB9C7 /* AppConstants.swift */,
			);
			path = chat;
			sourceTree = "<group>";
		};
		EEBDC7B725B77A3400ABB105 /* models */ = {
			isa = PBXGroup;
			children = (
				EEE6283825FD69BD00FC64B2 /* dto */,
				EE493F8225F37CCB00B33FB5 /* utils */,
				EE6A4E3125DF035900AF8761 /* Message.swift */,
				EE5EC77925E1A0A70028BB41 /* User.swift */,
			);
			path = models;
			sourceTree = "<group>";
		};
		EEBDC7B825B77A4B00ABB105 /* views */ = {
			isa = PBXGroup;
			children = (
				EE41DF8625EEE66C00D34621 /* user */,
				EE41DF8525EEE66300D34621 /* authorize */,
				EE41DF8425EEE64D00D34621 /* message */,
				EEBDC78A25B7735900ABB105 /* Main.storyboard */,
			);
			path = views;
			sourceTree = "<group>";
		};
		EEBDC7B925B77A5100ABB105 /* controllers */ = {
			isa = PBXGroup;
			children = (
				EEBDC78825B7735900ABB105 /* WelcomeViewController.swift */,
				EEBDC7BA25B77AE300ABB105 /* LoginViewController.swift */,
				EEBDC7BF25B77AF100ABB105 /* RegisterViewController.swift */,
				EEBDC7C425B77B0100ABB105 /* ChatViewController.swift */,
				EE5EC78325E469700028BB41 /* UsersListViewController.swift */,
			);
			path = controllers;
			sourceTree = "<group>";
		};
		EEE6283825FD69BD00FC64B2 /* dto */ = {
			isa = PBXGroup;
			children = (
				EEE6283925FD69E400FC64B2 /* users */,
			);
			path = dto;
			sourceTree = "<group>";
		};
		EEE6283925FD69E400FC64B2 /* users */ = {
			isa = PBXGroup;
			children = (
				EEE6284225FD6A6800FC64B2 /* UserItemDto.swift */,
			);
			path = users;
			sourceTree = "<group>";
		};
/* End PBXGroup section */

/* Begin PBXNativeTarget section */
		EEBDC78025B7735900ABB105 /* chat */ = {
			isa = PBXNativeTarget;
			buildConfigurationList = EEBDC7AB25B7735C00ABB105 /* Build configuration list for PBXNativeTarget "chat" */;
			buildPhases = (
				97B650292631B87CAAA673C7 /* [CP] Check Pods Manifest.lock */,
				EEBDC77D25B7735900ABB105 /* Sources */,
				EEBDC77E25B7735900ABB105 /* Frameworks */,
				EEBDC77F25B7735900ABB105 /* Resources */,
				D4FCC6539583E579841CA551 /* [CP] Embed Pods Frameworks */,
			);
			buildRules = (
			);
			dependencies = (
			);
			name = chat;
			productName = chat;
			productReference = EEBDC78125B7735900ABB105 /* chat.app */;
			productType = "com.apple.product-type.application";
		};
		EEBDC79625B7735C00ABB105 /* chatTests */ = {
			isa = PBXNativeTarget;
			buildConfigurationList = EEBDC7AE25B7735C00ABB105 /* Build configuration list for PBXNativeTarget "chatTests" */;
			buildPhases = (
				EEBDC79325B7735C00ABB105 /* Sources */,
				EEBDC79425B7735C00ABB105 /* Frameworks */,
				EEBDC79525B7735C00ABB105 /* Resources */,
			);
			buildRules = (
			);
			dependencies = (
				EEBDC79925B7735C00ABB105 /* PBXTargetDependency */,
			);
			name = chatTests;
			productName = chatTests;
			productReference = EEBDC79725B7735C00ABB105 /* chatTests.xctest */;
			productType = "com.apple.product-type.bundle.unit-test";
		};
		EEBDC7A125B7735C00ABB105 /* chatUITests */ = {
			isa = PBXNativeTarget;
			buildConfigurationList = EEBDC7B125B7735C00ABB105 /* Build configuration list for PBXNativeTarget "chatUITests" */;
			buildPhases = (
				EEBDC79E25B7735C00ABB105 /* Sources */,
				EEBDC79F25B7735C00ABB105 /* Frameworks */,
				EEBDC7A025B7735C00ABB105 /* Resources */,
			);
			buildRules = (
			);
			dependencies = (
				EEBDC7A425B7735C00ABB105 /* PBXTargetDependency */,
			);
			name = chatUITests;
			productName = chatUITests;
			productReference = EEBDC7A225B7735C00ABB105 /* chatUITests.xctest */;
			productType = "com.apple.product-type.bundle.ui-testing";
		};
/* End PBXNativeTarget section */

/* Begin PBXProject section */
		EEBDC77925B7735900ABB105 /* Project object */ = {
			isa = PBXProject;
			attributes = {
				LastSwiftUpdateCheck = 1220;
				LastUpgradeCheck = 1220;
				TargetAttributes = {
					EEBDC78025B7735900ABB105 = {
						CreatedOnToolsVersion = 12.2;
					};
					EEBDC79625B7735C00ABB105 = {
						CreatedOnToolsVersion = 12.2;
						TestTargetID = EEBDC78025B7735900ABB105;
					};
					EEBDC7A125B7735C00ABB105 = {
						CreatedOnToolsVersion = 12.2;
						TestTargetID = EEBDC78025B7735900ABB105;
					};
				};
			};
			buildConfigurationList = EEBDC77C25B7735900ABB105 /* Build configuration list for PBXProject "chat" */;
			compatibilityVersion = "Xcode 9.3";
			developmentRegion = en;
			hasScannedForEncodings = 0;
			knownRegions = (
				en,
				Base,
			);
			mainGroup = EEBDC77825B7735900ABB105;
			productRefGroup = EEBDC78225B7735900ABB105 /* Products */;
			projectDirPath = "";
			projectRoot = "";
			targets = (
				EEBDC78025B7735900ABB105 /* chat */,
				EEBDC79625B7735C00ABB105 /* chatTests */,
				EEBDC7A125B7735C00ABB105 /* chatUITests */,
			);
		};
/* End PBXProject section */

/* Begin PBXResourcesBuildPhase section */
		EEBDC77F25B7735900ABB105 /* Resources */ = {
			isa = PBXResourcesBuildPhase;
			buildActionMask = 2147483647;
			files = (
				EEBDC79125B7735C00ABB105 /* LaunchScreen.storyboard in Resources */,
				EE861E1225DEF9F400C0F475 /* MessageCell.xib in Resources */,
				EE41DF8A25EEE71700D34621 /* UserCell.xib in Resources */,
				EE5EEE7E25C2245300E7E488 /* GoogleService-Info.plist in Resources */,
				EEBDC78E25B7735C00ABB105 /* Assets.xcassets in Resources */,
				EEBDC78C25B7735900ABB105 /* Main.storyboard in Resources */,
			);
			runOnlyForDeploymentPostprocessing = 0;
		};
		EEBDC79525B7735C00ABB105 /* Resources */ = {
			isa = PBXResourcesBuildPhase;
			buildActionMask = 2147483647;
			files = (
			);
			runOnlyForDeploymentPostprocessing = 0;
		};
		EEBDC7A025B7735C00ABB105 /* Resources */ = {
			isa = PBXResourcesBuildPhase;
			buildActionMask = 2147483647;
			files = (
			);
			runOnlyForDeploymentPostprocessing = 0;
		};
/* End PBXResourcesBuildPhase section */

/* Begin PBXShellScriptBuildPhase section */
		97B650292631B87CAAA673C7 /* [CP] Check Pods Manifest.lock */ = {
			isa = PBXShellScriptBuildPhase;
			buildActionMask = 2147483647;
			files = (
			);
			inputFileListPaths = (
			);
			inputPaths = (
				"${PODS_PODFILE_DIR_PATH}/Podfile.lock",
				"${PODS_ROOT}/Manifest.lock",
			);
			name = "[CP] Check Pods Manifest.lock";
			outputFileListPaths = (
			);
			outputPaths = (
				"$(DERIVED_FILE_DIR)/Pods-chat-checkManifestLockResult.txt",
			);
			runOnlyForDeploymentPostprocessing = 0;
			shellPath = /bin/sh;
			shellScript = "diff \"${PODS_PODFILE_DIR_PATH}/Podfile.lock\" \"${PODS_ROOT}/Manifest.lock\" > /dev/null\nif [ $? != 0 ] ; then\n    # print error to STDERR\n    echo \"error: The sandbox is not in sync with the Podfile.lock. Run 'pod install' or update your CocoaPods installation.\" >&2\n    exit 1\nfi\n# This output is used by Xcode 'outputs' to avoid re-running this script phase.\necho \"SUCCESS\" > \"${SCRIPT_OUTPUT_FILE_0}\"\n";
			showEnvVarsInLog = 0;
		};
		D4FCC6539583E579841CA551 /* [CP] Embed Pods Frameworks */ = {
			isa = PBXShellScriptBuildPhase;
			buildActionMask = 2147483647;
			files = (
			);
			inputFileListPaths = (
				"${PODS_ROOT}/Target Support Files/Pods-chat/Pods-chat-frameworks-${CONFIGURATION}-input-files.xcfilelist",
			);
			name = "[CP] Embed Pods Frameworks";
			outputFileListPaths = (
				"${PODS_ROOT}/Target Support Files/Pods-chat/Pods-chat-frameworks-${CONFIGURATION}-output-files.xcfilelist",
			);
			runOnlyForDeploymentPostprocessing = 0;
			shellPath = /bin/sh;
			shellScript = "\"${PODS_ROOT}/Target Support Files/Pods-chat/Pods-chat-frameworks.sh\"\n";
			showEnvVarsInLog = 0;
		};
/* End PBXShellScriptBuildPhase section */

/* Begin PBXSourcesBuildPhase section */
		EEBDC77D25B7735900ABB105 /* Sources */ = {
			isa = PBXSourcesBuildPhase;
			buildActionMask = 2147483647;
			files = (
				EEBDC7BB25B77AE300ABB105 /* LoginViewController.swift in Sources */,
				EE41DF8925EEE71700D34621 /* UserCell.swift in Sources */,
				EEBDC7C025B77AF100ABB105 /* RegisterViewController.swift in Sources */,
				EEBDC78925B7735900ABB105 /* WelcomeViewController.swift in Sources */,
				EEE6284325FD6A6800FC64B2 /* UserItemDto.swift in Sources */,
				EE74DA2D25DB2524000BB9C7 /* AppConstants.swift in Sources */,
				EE861E1125DEF9F400C0F475 /* MessageCell.swift in Sources */,
				EE5EC78425E469700028BB41 /* UsersListViewController.swift in Sources */,
				EE493F8425F37CEF00B33FB5 /* Authorize.swift in Sources */,
				EEBDC78525B7735900ABB105 /* AppDelegate.swift in Sources */,
				EEBDC7C525B77B0100ABB105 /* ChatViewController.swift in Sources */,
				EE6A4E3225DF035900AF8761 /* Message.swift in Sources */,
				EEBDC78725B7735900ABB105 /* SceneDelegate.swift in Sources */,
				EEADAF2225B7886800D21D06 /* AuthorizeTextField.swift in Sources */,
				EE5EC77A25E1A0A70028BB41 /* User.swift in Sources */,
			);
			runOnlyForDeploymentPostprocessing = 0;
		};
		EEBDC79325B7735C00ABB105 /* Sources */ = {
			isa = PBXSourcesBuildPhase;
			buildActionMask = 2147483647;
			files = (
			);
			runOnlyForDeploymentPostprocessing = 0;
		};
		EEBDC79E25B7735C00ABB105 /* Sources */ = {
			isa = PBXSourcesBuildPhase;
			buildActionMask = 2147483647;
			files = (
			);
			runOnlyForDeploymentPostprocessing = 0;
		};
/* End PBXSourcesBuildPhase section */

/* Begin PBXTargetDependency section */
		EEBDC79925B7735C00ABB105 /* PBXTargetDependency */ = {
			isa = PBXTargetDependency;
			target = EEBDC78025B7735900ABB105 /* chat */;
			targetProxy = EEBDC79825B7735C00ABB105 /* PBXContainerItemProxy */;
		};
		EEBDC7A425B7735C00ABB105 /* PBXTargetDependency */ = {
			isa = PBXTargetDependency;
			target = EEBDC78025B7735900ABB105 /* chat */;
			targetProxy = EEBDC7A325B7735C00ABB105 /* PBXContainerItemProxy */;
		};
/* End PBXTargetDependency section */

/* Begin PBXVariantGroup section */
		EEBDC78A25B7735900ABB105 /* Main.storyboard */ = {
			isa = PBXVariantGroup;
			children = (
				EEBDC78B25B7735900ABB105 /* Base */,
			);
			name = Main.storyboard;
			sourceTree = "<group>";
		};
		EEBDC78F25B7735C00ABB105 /* LaunchScreen.storyboard */ = {
			isa = PBXVariantGroup;
			children = (
				EEBDC79025B7735C00ABB105 /* Base */,
			);
			name = LaunchScreen.storyboard;
			sourceTree = "<group>";
		};
/* End PBXVariantGroup section */

/* Begin XCBuildConfiguration section */
		EEBDC7A925B7735C00ABB105 /* Debug */ = {
			isa = XCBuildConfiguration;
			buildSettings = {
				ALWAYS_SEARCH_USER_PATHS = NO;
				CLANG_ANALYZER_NONNULL = YES;
				CLANG_ANALYZER_NUMBER_OBJECT_CONVERSION = YES_AGGRESSIVE;
				CLANG_CXX_LANGUAGE_STANDARD = "gnu++14";
				CLANG_CXX_LIBRARY = "libc++";
				CLANG_ENABLE_MODULES = YES;
				CLANG_ENABLE_OBJC_ARC = YES;
				CLANG_ENABLE_OBJC_WEAK = YES;
				CLANG_WARN_BLOCK_CAPTURE_AUTORELEASING = YES;
				CLANG_WARN_BOOL_CONVERSION = YES;
				CLANG_WARN_COMMA = YES;
				CLANG_WARN_CONSTANT_CONVERSION = YES;
				CLANG_WARN_DEPRECATED_OBJC_IMPLEMENTATIONS = YES;
				CLANG_WARN_DIRECT_OBJC_ISA_USAGE = YES_ERROR;
				CLANG_WARN_DOCUMENTATION_COMMENTS = YES;
				CLANG_WARN_EMPTY_BODY = YES;
				CLANG_WARN_ENUM_CONVERSION = YES;
				CLANG_WARN_INFINITE_RECURSION = YES;
				CLANG_WARN_INT_CONVERSION = YES;
				CLANG_WARN_NON_LITERAL_NULL_CONVERSION = YES;
				CLANG_WARN_OBJC_IMPLICIT_RETAIN_SELF = YES;
				CLANG_WARN_OBJC_LITERAL_CONVERSION = YES;
				CLANG_WARN_OBJC_ROOT_CLASS = YES_ERROR;
				CLANG_WARN_QUOTED_INCLUDE_IN_FRAMEWORK_HEADER = YES;
				CLANG_WARN_RANGE_LOOP_ANALYSIS = YES;
				CLANG_WARN_STRICT_PROTOTYPES = YES;
				CLANG_WARN_SUSPICIOUS_MOVE = YES;
				CLANG_WARN_UNGUARDED_AVAILABILITY = YES_AGGRESSIVE;
				CLANG_WARN_UNREACHABLE_CODE = YES;
				CLANG_WARN__DUPLICATE_METHOD_MATCH = YES;
				COPY_PHASE_STRIP = NO;
				DEBUG_INFORMATION_FORMAT = dwarf;
				ENABLE_STRICT_OBJC_MSGSEND = YES;
				ENABLE_TESTABILITY = YES;
				GCC_C_LANGUAGE_STANDARD = gnu11;
				GCC_DYNAMIC_NO_PIC = NO;
				GCC_NO_COMMON_BLOCKS = YES;
				GCC_OPTIMIZATION_LEVEL = 0;
				GCC_PREPROCESSOR_DEFINITIONS = (
					"DEBUG=1",
					"$(inherited)",
				);
				GCC_WARN_64_TO_32_BIT_CONVERSION = YES;
				GCC_WARN_ABOUT_RETURN_TYPE = YES_ERROR;
				GCC_WARN_UNDECLARED_SELECTOR = YES;
				GCC_WARN_UNINITIALIZED_AUTOS = YES_AGGRESSIVE;
				GCC_WARN_UNUSED_FUNCTION = YES;
				GCC_WARN_UNUSED_VARIABLE = YES;
				IPHONEOS_DEPLOYMENT_TARGET = 14.2;
				MTL_ENABLE_DEBUG_INFO = INCLUDE_SOURCE;
				MTL_FAST_MATH = YES;
				ONLY_ACTIVE_ARCH = YES;
				SDKROOT = iphoneos;
				SWIFT_ACTIVE_COMPILATION_CONDITIONS = DEBUG;
				SWIFT_OPTIMIZATION_LEVEL = "-Onone";
			};
			name = Debug;
		};
		EEBDC7AA25B7735C00ABB105 /* Release */ = {
			isa = XCBuildConfiguration;
			buildSettings = {
				ALWAYS_SEARCH_USER_PATHS = NO;
				CLANG_ANALYZER_NONNULL = YES;
				CLANG_ANALYZER_NUMBER_OBJECT_CONVERSION = YES_AGGRESSIVE;
				CLANG_CXX_LANGUAGE_STANDARD = "gnu++14";
				CLANG_CXX_LIBRARY = "libc++";
				CLANG_ENABLE_MODULES = YES;
				CLANG_ENABLE_OBJC_ARC = YES;
				CLANG_ENABLE_OBJC_WEAK = YES;
				CLANG_WARN_BLOCK_CAPTURE_AUTORELEASING = YES;
				CLANG_WARN_BOOL_CONVERSION = YES;
				CLANG_WARN_COMMA = YES;
				CLANG_WARN_CONSTANT_CONVERSION = YES;
				CLANG_WARN_DEPRECATED_OBJC_IMPLEMENTATIONS = YES;
				CLANG_WARN_DIRECT_OBJC_ISA_USAGE = YES_ERROR;
				CLANG_WARN_DOCUMENTATION_COMMENTS = YES;
				CLANG_WARN_EMPTY_BODY = YES;
				CLANG_WARN_ENUM_CONVERSION = YES;
				CLANG_WARN_INFINITE_RECURSION = YES;
				CLANG_WARN_INT_CONVERSION = YES;
				CLANG_WARN_NON_LITERAL_NULL_CONVERSION = YES;
				CLANG_WARN_OBJC_IMPLICIT_RETAIN_SELF = YES;
				CLANG_WARN_OBJC_LITERAL_CONVERSION = YES;
				CLANG_WARN_OBJC_ROOT_CLASS = YES_ERROR;
				CLANG_WARN_QUOTED_INCLUDE_IN_FRAMEWORK_HEADER = YES;
				CLANG_WARN_RANGE_LOOP_ANALYSIS = YES;
				CLANG_WARN_STRICT_PROTOTYPES = YES;
				CLANG_WARN_SUSPICIOUS_MOVE = YES;
				CLANG_WARN_UNGUARDED_AVAILABILITY = YES_AGGRESSIVE;
				CLANG_WARN_UNREACHABLE_CODE = YES;
				CLANG_WARN__DUPLICATE_METHOD_MATCH = YES;
				COPY_PHASE_STRIP = NO;
				DEBUG_INFORMATION_FORMAT = "dwarf-with-dsym";
				ENABLE_NS_ASSERTIONS = NO;
				ENABLE_STRICT_OBJC_MSGSEND = YES;
				GCC_C_LANGUAGE_STANDARD = gnu11;
				GCC_NO_COMMON_BLOCKS = YES;
				GCC_WARN_64_TO_32_BIT_CONVERSION = YES;
				GCC_WARN_ABOUT_RETURN_TYPE = YES_ERROR;
				GCC_WARN_UNDECLARED_SELECTOR = YES;
				GCC_WARN_UNINITIALIZED_AUTOS = YES_AGGRESSIVE;
				GCC_WARN_UNUSED_FUNCTION = YES;
				GCC_WARN_UNUSED_VARIABLE = YES;
				IPHONEOS_DEPLOYMENT_TARGET = 14.2;
				MTL_ENABLE_DEBUG_INFO = NO;
				MTL_FAST_MATH = YES;
				SDKROOT = iphoneos;
				SWIFT_COMPILATION_MODE = wholemodule;
				SWIFT_OPTIMIZATION_LEVEL = "-O";
				VALIDATE_PRODUCT = YES;
			};
			name = Release;
		};
		EEBDC7AC25B7735C00ABB105 /* Debug */ = {
			isa = XCBuildConfiguration;
			baseConfigurationReference = 41A04476D02CCA547FFF2CA8 /* Pods-chat.debug.xcconfig */;
			buildSettings = {
				ASSETCATALOG_COMPILER_APPICON_NAME = AppIcon;
				ASSETCATALOG_COMPILER_GLOBAL_ACCENT_COLOR_NAME = AccentColor;
				CODE_SIGN_STYLE = Automatic;
				DEVELOPMENT_TEAM = RZ52NPR2G3;
				INFOPLIST_FILE = chat/Info.plist;
				LD_RUNPATH_SEARCH_PATHS = (
					"$(inherited)",
					"@executable_path/Frameworks",
				);
				PRODUCT_BUNDLE_IDENTIFIER = com.trebuh.chat;
				PRODUCT_NAME = "$(TARGET_NAME)";
				SWIFT_VERSION = 5.0;
				TARGETED_DEVICE_FAMILY = "1,2";
			};
			name = Debug;
		};
		EEBDC7AD25B7735C00ABB105 /* Release */ = {
			isa = XCBuildConfiguration;
			baseConfigurationReference = 75940A3C3A9D548967AE9E56 /* Pods-chat.release.xcconfig */;
			buildSettings = {
				ASSETCATALOG_COMPILER_APPICON_NAME = AppIcon;
				ASSETCATALOG_COMPILER_GLOBAL_ACCENT_COLOR_NAME = AccentColor;
				CODE_SIGN_STYLE = Automatic;
				DEVELOPMENT_TEAM = RZ52NPR2G3;
				INFOPLIST_FILE = chat/Info.plist;
				LD_RUNPATH_SEARCH_PATHS = (
					"$(inherited)",
					"@executable_path/Frameworks",
				);
				PRODUCT_BUNDLE_IDENTIFIER = com.trebuh.chat;
				PRODUCT_NAME = "$(TARGET_NAME)";
				SWIFT_VERSION = 5.0;
				TARGETED_DEVICE_FAMILY = "1,2";
			};
			name = Release;
		};
		EEBDC7AF25B7735C00ABB105 /* Debug */ = {
			isa = XCBuildConfiguration;
			buildSettings = {
				ALWAYS_EMBED_SWIFT_STANDARD_LIBRARIES = YES;
				BUNDLE_LOADER = "$(TEST_HOST)";
				CODE_SIGN_STYLE = Automatic;
				DEVELOPMENT_TEAM = RZ52NPR2G3;
				INFOPLIST_FILE = chatTests/Info.plist;
				IPHONEOS_DEPLOYMENT_TARGET = 14.2;
				LD_RUNPATH_SEARCH_PATHS = (
					"$(inherited)",
					"@executable_path/Frameworks",
					"@loader_path/Frameworks",
				);
				PRODUCT_BUNDLE_IDENTIFIER = com.trebuh.chatTests;
				PRODUCT_NAME = "$(TARGET_NAME)";
				SWIFT_VERSION = 5.0;
				TARGETED_DEVICE_FAMILY = "1,2";
				TEST_HOST = "$(BUILT_PRODUCTS_DIR)/chat.app/chat";
			};
			name = Debug;
		};
		EEBDC7B025B7735C00ABB105 /* Release */ = {
			isa = XCBuildConfiguration;
			buildSettings = {
				ALWAYS_EMBED_SWIFT_STANDARD_LIBRARIES = YES;
				BUNDLE_LOADER = "$(TEST_HOST)";
				CODE_SIGN_STYLE = Automatic;
				DEVELOPMENT_TEAM = RZ52NPR2G3;
				INFOPLIST_FILE = chatTests/Info.plist;
				IPHONEOS_DEPLOYMENT_TARGET = 14.2;
				LD_RUNPATH_SEARCH_PATHS = (
					"$(inherited)",
					"@executable_path/Frameworks",
					"@loader_path/Frameworks",
				);
				PRODUCT_BUNDLE_IDENTIFIER = com.trebuh.chatTests;
				PRODUCT_NAME = "$(TARGET_NAME)";
				SWIFT_VERSION = 5.0;
				TARGETED_DEVICE_FAMILY = "1,2";
				TEST_HOST = "$(BUILT_PRODUCTS_DIR)/chat.app/chat";
			};
			name = Release;
		};
		EEBDC7B225B7735C00ABB105 /* Debug */ = {
			isa = XCBuildConfiguration;
			buildSettings = {
				ALWAYS_EMBED_SWIFT_STANDARD_LIBRARIES = YES;
				CODE_SIGN_STYLE = Automatic;
				DEVELOPMENT_TEAM = RZ52NPR2G3;
				INFOPLIST_FILE = chatUITests/Info.plist;
				LD_RUNPATH_SEARCH_PATHS = (
					"$(inherited)",
					"@executable_path/Frameworks",
					"@loader_path/Frameworks",
				);
				PRODUCT_BUNDLE_IDENTIFIER = com.trebuh.chatUITests;
				PRODUCT_NAME = "$(TARGET_NAME)";
				SWIFT_VERSION = 5.0;
				TARGETED_DEVICE_FAMILY = "1,2";
				TEST_TARGET_NAME = chat;
			};
			name = Debug;
		};
		EEBDC7B325B7735C00ABB105 /* Release */ = {
			isa = XCBuildConfiguration;
			buildSettings = {
				ALWAYS_EMBED_SWIFT_STANDARD_LIBRARIES = YES;
				CODE_SIGN_STYLE = Automatic;
				DEVELOPMENT_TEAM = RZ52NPR2G3;
				INFOPLIST_FILE = chatUITests/Info.plist;
				LD_RUNPATH_SEARCH_PATHS = (
					"$(inherited)",
					"@executable_path/Frameworks",
					"@loader_path/Frameworks",
				);
				PRODUCT_BUNDLE_IDENTIFIER = com.trebuh.chatUITests;
				PRODUCT_NAME = "$(TARGET_NAME)";
				SWIFT_VERSION = 5.0;
				TARGETED_DEVICE_FAMILY = "1,2";
				TEST_TARGET_NAME = chat;
			};
			name = Release;
		};
/* End XCBuildConfiguration section */

/* Begin XCConfigurationList section */
		EEBDC77C25B7735900ABB105 /* Build configuration list for PBXProject "chat" */ = {
			isa = XCConfigurationList;
			buildConfigurations = (
				EEBDC7A925B7735C00ABB105 /* Debug */,
				EEBDC7AA25B7735C00ABB105 /* Release */,
			);
			defaultConfigurationIsVisible = 0;
			defaultConfigurationName = Release;
		};
		EEBDC7AB25B7735C00ABB105 /* Build configuration list for PBXNativeTarget "chat" */ = {
			isa = XCConfigurationList;
			buildConfigurations = (
				EEBDC7AC25B7735C00ABB105 /* Debug */,
				EEBDC7AD25B7735C00ABB105 /* Release */,
			);
			defaultConfigurationIsVisible = 0;
			defaultConfigurationName = Release;
		};
		EEBDC7AE25B7735C00ABB105 /* Build configuration list for PBXNativeTarget "chatTests" */ = {
			isa = XCConfigurationList;
			buildConfigurations = (
				EEBDC7AF25B7735C00ABB105 /* Debug */,
				EEBDC7B025B7735C00ABB105 /* Release */,
			);
			defaultConfigurationIsVisible = 0;
			defaultConfigurationName = Release;
		};
		EEBDC7B125B7735C00ABB105 /* Build configuration list for PBXNativeTarget "chatUITests" */ = {
			isa = XCConfigurationList;
			buildConfigurations = (
				EEBDC7B225B7735C00ABB105 /* Debug */,
				EEBDC7B325B7735C00ABB105 /* Release */,
			);
			defaultConfigurationIsVisible = 0;
			defaultConfigurationName = Release;
		};
/* End XCConfigurationList section */
	};
	rootObject = EEBDC77925B7735900ABB105 /* Project object */;
}
